
Microsoft Visual Studio Solution File, Format Version 12.00
# Visual Studio 14
VisualStudioVersion = 14.0.25420.1
MinimumVisualStudioVersion = 10.0.40219.1
Project("{FAE04EC0-301F-11D3-BF4B-00C04F79EFBC}") = "LogNotifier", "LogNotifier\LogNotifier.csproj", "{EEE2DAA0-558B-4906-AC0F-C8BDB1666C1C}"
EndProject
Project("{FAE04EC0-301F-11D3-BF4B-00C04F79EFBC}") = "UnitTestLogNotifier", "UnitTestLogNotifier\UnitTestLogNotifier.csproj", "{96B5CB3C-ADE2-4F62-ABB1-54811A818BCC}"
EndProject
Global
	GlobalSection(SolutionConfigurationPlatforms) = preSolution
		Debug|Any CPU = Debug|Any CPU
		Release|Any CPU = Release|Any CPU
	EndGlobalSection
	GlobalSection(ProjectConfigurationPlatforms) = postSolution
		{EEE2DAA0-558B-4906-AC0F-C8BDB1666C1C}.Debug|Any CPU.ActiveCfg = Debug|Any CPU
		{EEE2DAA0-558B-4906-AC0F-C8BDB1666C1C}.Debug|Any CPU.Build.0 = Debug|Any CPU
		{EEE2DAA0-558B-4906-AC0F-C8BDB1666C1C}.Release|Any CPU.ActiveCfg = Release|Any CPU
		{EEE2DAA0-558B-4906-AC0F-C8BDB1666C1C}.Release|Any CPU.Build.0 = Release|Any CPU
		{96B5CB3C-ADE2-4F62-ABB1-54811A818BCC}.Debug|Any CPU.ActiveCfg = Debug|Any CPU
		{96B5CB3C-ADE2-4F62-ABB1-54811A818BCC}.Debug|Any CPU.Build.0 = Debug|Any CPU
		{96B5CB3C-ADE2-4F62-ABB1-54811A818BCC}.Release|Any CPU.ActiveCfg = Release|Any CPU
		{96B5CB3C-ADE2-4F62-ABB1-54811A818BCC}.Release|Any CPU.Build.0 = Release|Any CPU
	EndGlobalSection
	GlobalSection(SolutionProperties) = preSolution
		HideSolutionNode = FALSE
	EndGlobalSection
EndGlobal
